github.com/gvalkov/golang-evdev v0.0.0-20220815104727-7e27d6ce89b6 h1:K9b8efT9f1NkITNgNAm2A1LuoamhG4pAhXVjz5Sfa5Q=
github.com/gvalkov/golang-evdev v0.0.0-20220815104727-7e27d6ce89b6/go.mod h1:SAzVFKCRezozJTGavF3GX8MBUruETCqzivVLYiywouA=
github.com/lotib/uinput v0.0.3 h1:CoxTOLs0Pnn0uJB9SYhr6GKx/ymMPPNlSoM6c94UuTY=
github.com/lotib/uinput v0.0.3/go.mod h1:Zi65X5D1aJFH1xzMKzUMKkRv2Ms8UHZsxpUVES2LpDw=
github.com/lotib/uinput v0.0.4 h1:M1YCjLsZGI4bCxvKReXZwz9hFjXhd+3yq6CKDSBouPs=
github.com/lotib/uinput v0.0.4/go.mod h1:Zi65X5D1aJFH1xzMKzUMKkRv2Ms8UHZsxpUVES2LpDw=
github.com/lotib/uinput v0.0.5 h1:Jsf2bjLO2SJ44JDJ6FMfhaldpXr7091F5bjcSvm0t+s=
github.com/lotib/uinput v0.0.5/go.mod h1:Zi65X5D1aJFH1xzMKzUMKkRv2Ms8UHZsxpUVES2LpDw=
github.com/lotib/uinput v0.0.6-0.20240903222913-f5c69a7ba8c1 h1:zSKDqm+aN8+IN69Ui0MN9fRDO8vzYMmRkubqdkZzS7E=
github.com/lotib/uinput v0.0.6-0.20240903222913-f5c69a7ba8c1/go.mod h1:Zi65X5D1aJFH1xzMKzUMKkRv2Ms8UHZsxpUVES2LpDw=
github.com/lotib/uinput v0.0.6-0.20240903223607-17e296a7e025 h1:VzNlBZagSpkquY3wgVHGAy2rGHlZT4YjmAasslyEnRs=
github.com/lotib/uinput v0.0.6-0.20240903223607-17e296a7e025/go.mod h1:Zi65X5D1aJFH1xzMKzUMKkRv2Ms8UHZsxpUVES2LpDw=
